PODS:
  - IGVimeoExtractor (1.2.0)

DEPENDENCIES:
  - IGVimeoExtractor (~> 1.2)

SPEC REPOS:
  https://github.com/cocoapods/specs.git:
    - IGVimeoExtractor

SPEC CHECKSUMS:
  IGVimeoExtractor: 84dd81e5bd7da82bcf99db246031edfda7313752

PODFILE CHECKSUM: 3d8ef5e58d7ad0a04d70b2f3f848456a5251cd59

COCOAPODS: 1.6.1
